{
  "name": "proyecto typescript distribuidora",
  "lockfileVersion": 2,
  "requires": true,
  "packages": {
    "": {
      "dependencies": {
        "@fortawesome/fontawesome-free": "^6.0.0",
        "bootstrap-icons": "^1.8.1",
        "typescript": "^4.5.5"
      }
    },
    "node_modules/@fortawesome/fontawesome-free": {
      "version": "6.0.0",
      "resolved": "https://registry.npmjs.org/@fortawesome/fontawesome-free/-/fontawesome-free-6.0.0.tgz",
      "integrity": "sha512-6LB4PYBST1Rx40klypw1SmSDArjFOcfBf2LeX9Zg5EKJT2eXiyiJq+CyBYKeXyK0sXS2FsCJWSPr/luyhuvh0Q==",
      "hasInstallScript": true,
      "engines": {
        "node": ">=6"
      }
    },
    "node_modules/bootstrap-icons": {
      "version": "1.8.1",
      "resolved": "https://registry.npmjs.org/bootstrap-icons/-/bootstrap-icons-1.8.1.tgz",
      "integrity": "sha512-IXUqislddPJfwq6H+2nTkHyr9epO9h6u1AG0OZCx616w+TgzeoCjfmI3qJMQqt1J586gN2IxzB4M99Ip4sTZ1w==",
      "engines": {
        "node": ">=10"
      }
    },
    "node_modules/typescript": {
      "version": "4.5.5",
      "resolved": "https://registry.npmjs.org/typescript/-/typescript-4.5.5.tgz",
      "integrity": "sha512-TCTIul70LyWe6IJWT8QSYeA54WQe8EjQFU4wY52Fasj5UKx88LNYKCgBEHcOMOrFF1rKGbD8v/xcNWVUq9SymA==",
      "bin": {
        "tsc": "bin/tsc",
        "tsserver": "bin/tsserver"
      },
      "engines": {
        "node": ">=4.2.0"
      }
    }
  },
  "dependencies": {
    "@fortawesome/fontawesome-free": {
      "version": "6.0.0",
      "resolved": "https://registry.npmjs.org/@fortawesome/fontawesome-free/-/fontawesome-free-6.0.0.tgz",
      "integrity": "sha512-6LB4PYBST1Rx40klypw1SmSDArjFOcfBf2LeX9Zg5EKJT2eXiyiJq+CyBYKeXyK0sXS2FsCJWSPr/luyhuvh0Q=="
    },
    "bootstrap-icons": {
      "version": "1.8.1",
      "resolved": "https://registry.npmjs.org/bootstrap-icons/-/bootstrap-icons-1.8.1.tgz",
      "integrity": "sha512-IXUqislddPJfwq6H+2nTkHyr9epO9h6u1AG0OZCx616w+TgzeoCjfmI3qJMQqt1J586gN2IxzB4M99Ip4sTZ1w=="
    },
    "typescript": {
      "version": "4.5.5",
      "resolved": "https://registry.npmjs.org/typescript/-/typescript-4.5.5.tgz",
      "integrity": "sha512-TCTIul70LyWe6IJWT8QSYeA54WQe8EjQFU4wY52Fasj5UKx88LNYKCgBEHcOMOrFF1rKGbD8v/xcNWVUq9SymA=="
    }
  }
}
